
Microsoft Visual Studio Solution File, Format Version 12.00
# Visual Studio Version 17
VisualStudioVersion = 17.14.36408.4
MinimumVisualStudioVersion = 10.0.40219.1
Project("{FAE04EC0-301F-11D3-BF4B-00C04F79EFBC}") = "Calculator", "Calculator\Calculator.csproj", "{08FB8432-B791-460A-BCF5-DF5B48577850}"
EndProject
Project("{FAE04EC0-301F-11D3-BF4B-00C04F79EFBC}") = "LabClassProject", "LabClassProject\LabClassProject.csproj", "{C6517586-0EEE-4CF4-830C-0442C3B0B7D7}"
EndProject
Project("{FAE04EC0-301F-11D3-BF4B-00C04F79EFBC}") = "ConsoleApp1", "ConsoleApp1\ConsoleApp1.csproj", "{DF9AC6C4-5ED5-4BFA-B551-001EF5B9A9F8}"
EndProject
Project("{FAE04EC0-301F-11D3-BF4B-00C04F79EFBC}") = "ConsoleApp2", "ConsoleApp2\ConsoleApp2.csproj", "{0FA5BBD1-CB55-4C7B-9EA0-609368384D8E}"
EndProject
Global
	GlobalSection(SolutionConfigurationPlatforms) = preSolution
		Debug|Any CPU = Debug|Any CPU
		Release|Any CPU = Release|Any CPU
	EndGlobalSection
	GlobalSection(ProjectConfigurationPlatforms) = postSolution
		{08FB8432-B791-460A-BCF5-DF5B48577850}.Debug|Any CPU.ActiveCfg = Debug|Any CPU
		{08FB8432-B791-460A-BCF5-DF5B48577850}.Debug|Any CPU.Build.0 = Debug|Any CPU
		{08FB8432-B791-460A-BCF5-DF5B48577850}.Release|Any CPU.ActiveCfg = Release|Any CPU
		{08FB8432-B791-460A-BCF5-DF5B48577850}.Release|Any CPU.Build.0 = Release|Any CPU
		{C6517586-0EEE-4CF4-830C-0442C3B0B7D7}.Debug|Any CPU.ActiveCfg = Debug|Any CPU
		{C6517586-0EEE-4CF4-830C-0442C3B0B7D7}.Debug|Any CPU.Build.0 = Debug|Any CPU
		{C6517586-0EEE-4CF4-830C-0442C3B0B7D7}.Release|Any CPU.ActiveCfg = Release|Any CPU
		{C6517586-0EEE-4CF4-830C-0442C3B0B7D7}.Release|Any CPU.Build.0 = Release|Any CPU
		{DF9AC6C4-5ED5-4BFA-B551-001EF5B9A9F8}.Debug|Any CPU.ActiveCfg = Debug|Any CPU
		{DF9AC6C4-5ED5-4BFA-B551-001EF5B9A9F8}.Debug|Any CPU.Build.0 = Debug|Any CPU
		{DF9AC6C4-5ED5-4BFA-B551-001EF5B9A9F8}.Release|Any CPU.ActiveCfg = Release|Any CPU
		{DF9AC6C4-5ED5-4BFA-B551-001EF5B9A9F8}.Release|Any CPU.Build.0 = Release|Any CPU
		{0FA5BBD1-CB55-4C7B-9EA0-609368384D8E}.Debug|Any CPU.ActiveCfg = Debug|Any CPU
		{0FA5BBD1-CB55-4C7B-9EA0-609368384D8E}.Debug|Any CPU.Build.0 = Debug|Any CPU
		{0FA5BBD1-CB55-4C7B-9EA0-609368384D8E}.Release|Any CPU.ActiveCfg = Release|Any CPU
		{0FA5BBD1-CB55-4C7B-9EA0-609368384D8E}.Release|Any CPU.Build.0 = Release|Any CPU
	EndGlobalSection
	GlobalSection(SolutionProperties) = preSolution
		HideSolutionNode = FALSE
	EndGlobalSection
	GlobalSection(ExtensibilityGlobals) = postSolution
		SolutionGuid = {C2C11DFA-BB1B-4D1B-84C3-5A62A523389D}
	EndGlobalSection
EndGlobal
